
Microsoft Visual Studio Solution File, Format Version 12.00
# Visual Studio 2012
Project("{8BC9CEB8-8B4A-11D0-8D11-00A0C91BC942}") = "ConsoleApplication1", "ConsoleApplication1\ConsoleApplication1.vcxproj", "{11523E92-4334-4A77-8C48-7F86F9861CE4}"
EndProject
Global
	GlobalSection(SolutionConfigurationPlatforms) = preSolution
		Debug|Win32 = Debug|Win32
		Release|Win32 = Release|Win32
	EndGlobalSection
	GlobalSection(ProjectConfigurationPlatforms) = postSolution
		{11523E92-4334-4A77-8C48-7F86F9861CE4}.Debug|Win32.ActiveCfg = Debug|Win32
		{11523E92-4334-4A77-8C48-7F86F9861CE4}.Debug|Win32.Build.0 = Debug|Win32
		{11523E92-4334-4A77-8C48-7F86F9861CE4}.Release|Win32.ActiveCfg = Release|Win32
		{11523E92-4334-4A77-8C48-7F86F9861CE4}.Release|Win32.Build.0 = Release|Win32
	EndGlobalSection
	GlobalSection(SolutionProperties) = preSolution
		HideSolutionNode = FALSE
	EndGlobalSection
EndGlobal
